{
  "name": "week-14.1_trpc",
  "version": "1.0.0",
  "lockfileVersion": 3,
  "requires": true,
  "packages": {
    "": {
      "name": "week-14.1_trpc",
      "version": "1.0.0",
      "license": "ISC",
      "dependencies": {
        "@trpc/client": "^10.44.1",
        "@trpc/server": "^10.44.1",
        "fs": "^0.0.1-security",
        "zod": "^3.22.4"
      },
      "devDependencies": {
        "@types/node": "^20.10.5"
      }
    },
    "node_modules/@trpc/client": {
      "version": "10.44.1",
      "resolved": "https://registry.npmjs.org/@trpc/client/-/client-10.44.1.tgz",
      "integrity": "sha512-vTWsykNcgz1LnwePVl2fKZnhvzP9N3GaaLYPkfGINo314ZOS0OBqe9x0ytB2LLUnRVTAAZ2WoONzARd8nHiqrA==",
      "funding": [
        "https://trpc.io/sponsor"
      ],
      "peerDependencies": {
        "@trpc/server": "10.44.1"
      }
    },
    "node_modules/@trpc/server": {
      "version": "10.44.1",
      "resolved": "https://registry.npmjs.org/@trpc/server/-/server-10.44.1.tgz",
      "integrity": "sha512-mF7B+K6LjuboX8I1RZgKE5GA/fJhsJ8tKGK2UBt3Bwik7hepEPb4NJgNr7vO6BK5IYwPdBLRLTctRw6XZx0sRg==",
      "funding": [
        "https://trpc.io/sponsor"
      ],
      "engines": {
        "node": ">=18.0.0"
      }
    },
    "node_modules/@types/node": {
      "version": "20.10.5",
      "resolved": "https://registry.npmjs.org/@types/node/-/node-20.10.5.tgz",
      "integrity": "sha512-nNPsNE65wjMxEKI93yOP+NPGGBJz/PoN3kZsVLee0XMiJolxSekEVD8wRwBUBqkwc7UWop0edW50yrCQW4CyRw==",
      "dev": true,
      "dependencies": {
        "undici-types": "~5.26.4"
      }
    },
    "node_modules/fs": {
      "version": "0.0.1-security",
      "resolved": "https://registry.npmjs.org/fs/-/fs-0.0.1-security.tgz",
      "integrity": "sha512-3XY9e1pP0CVEUCdj5BmfIZxRBTSDycnbqhIOGec9QYtmVH2fbLpj86CFWkrNOkt/Fvty4KZG5lTglL9j/gJ87w=="
    },
    "node_modules/undici-types": {
      "version": "5.26.5",
      "resolved": "https://registry.npmjs.org/undici-types/-/undici-types-5.26.5.tgz",
      "integrity": "sha512-JlCMO+ehdEIKqlFxk6IfVoAUVmgz7cU7zD/h9XZ0qzeosSHmUJVOzSQvvYSYWXkFXC+IfLKSIffhv0sVZup6pA==",
      "dev": true
    },
    "node_modules/zod": {
      "version": "3.22.4",
      "resolved": "https://registry.npmjs.org/zod/-/zod-3.22.4.tgz",
      "integrity": "sha512-iC+8Io04lddc+mVqQ9AZ7OQ2MrUKGN+oIQyq1vemgt46jwCwLfhq7/pwnBnNXXXZb8VTVLKwp9EDkx+ryxIWmg==",
      "funding": {
        "url": "https://github.com/sponsors/colinhacks"
      }
    }
  }
}
